// !$*UTF8*$!
{
	archiveVersion = 1;
	classes = {
	};
	objectVersion = 51;
	objects = {

/* Begin PBXBuildFile section */
		98B8CD6049353E68D10D88B7 /* Pods_TMDB.framework in Frameworks */ = {isa = PBXBuildFile; fileRef = F97C5A53175785566AF881A9 /* Pods_TMDB.framework */; };
		F71BE3BB23327215005A0BA4 /* AppDelegate.swift in Sources */ = {isa = PBXBuildFile; fileRef = F71BE3BA23327215005A0BA4 /* AppDelegate.swift */; };
		F71BE3C223327217005A0BA4 /* Assets.xcassets in Resources */ = {isa = PBXBuildFile; fileRef = F71BE3C123327217005A0BA4 /* Assets.xcassets */; };
		F71BE3D223327286005A0BA4 /* ListActorsViewController.swift in Sources */ = {isa = PBXBuildFile; fileRef = F71BE3D023327286005A0BA4 /* ListActorsViewController.swift */; };
		F71BE3D323327286005A0BA4 /* ListActorsViewController.xib in Resources */ = {isa = PBXBuildFile; fileRef = F71BE3D123327286005A0BA4 /* ListActorsViewController.xib */; };
		F71BE3D6233272B2005A0BA4 /* ActorsDetailsViewController.swift in Sources */ = {isa = PBXBuildFile; fileRef = F71BE3D4233272B2005A0BA4 /* ActorsDetailsViewController.swift */; };
		F71BE3D7233272B2005A0BA4 /* ActorsDetailsViewController.xib in Resources */ = {isa = PBXBuildFile; fileRef = F71BE3D5233272B2005A0BA4 /* ActorsDetailsViewController.xib */; };
		F71BE3E6233275A9005A0BA4 /* StaticHeaderPlugin.swift in Sources */ = {isa = PBXBuildFile; fileRef = F71BE3DD233275A9005A0BA4 /* StaticHeaderPlugin.swift */; };
		F71BE3E7233275A9005A0BA4 /* NetworkService+ActorsService.swift in Sources */ = {isa = PBXBuildFile; fileRef = F71BE3DF233275A9005A0BA4 /* NetworkService+ActorsService.swift */; };
		F71BE3E8233275A9005A0BA4 /* ProductService.swift in Sources */ = {isa = PBXBuildFile; fileRef = F71BE3E0233275A9005A0BA4 /* ProductService.swift */; };
		F71BE3E9233275A9005A0BA4 /* NetworkDefaults.swift in Sources */ = {isa = PBXBuildFile; fileRef = F71BE3E1233275A9005A0BA4 /* NetworkDefaults.swift */; };
		F71BE3EB233275A9005A0BA4 /* NetworkManager.swift in Sources */ = {isa = PBXBuildFile; fileRef = F71BE3E3233275A9005A0BA4 /* NetworkManager.swift */; };
		F71BE3EC233275A9005A0BA4 /* NetworkError.swift in Sources */ = {isa = PBXBuildFile; fileRef = F71BE3E4233275A9005A0BA4 /* NetworkError.swift */; };
		F71BE3F323328C55005A0BA4 /* Person.swift in Sources */ = {isa = PBXBuildFile; fileRef = F71BE3F023328C55005A0BA4 /* Person.swift */; };
		F71BE3F423328C55005A0BA4 /* KnownFor.swift in Sources */ = {isa = PBXBuildFile; fileRef = F71BE3F123328C55005A0BA4 /* KnownFor.swift */; };
		F71BE3F523328C55005A0BA4 /* APIResponse.swift in Sources */ = {isa = PBXBuildFile; fileRef = F71BE3F223328C55005A0BA4 /* APIResponse.swift */; };
		F71BE3FB233290DF005A0BA4 /* LaunchScreen.storyboard in Resources */ = {isa = PBXBuildFile; fileRef = F71BE3F9233290DF005A0BA4 /* LaunchScreen.storyboard */; };
		F71BE40423329B2C005A0BA4 /* ImagePreviewViewController.swift in Sources */ = {isa = PBXBuildFile; fileRef = F71BE40223329B2C005A0BA4 /* ImagePreviewViewController.swift */; };
		F71BE40523329B2C005A0BA4 /* ImagePreviewViewController.xib in Resources */ = {isa = PBXBuildFile; fileRef = F71BE40323329B2C005A0BA4 /* ImagePreviewViewController.xib */; };
		F7BF21CE233A3A61009DBDA5 /* ListActorsProtocals.swift in Sources */ = {isa = PBXBuildFile; fileRef = F7BF21CD233A3A61009DBDA5 /* ListActorsProtocals.swift */; };
		F7BF21ED233AA202009DBDA5 /* BaseViewController.swift in Sources */ = {isa = PBXBuildFile; fileRef = F7BF21E7233AA202009DBDA5 /* BaseViewController.swift */; };
		F7BF21EE233AA202009DBDA5 /* BasePresenterProtocals.swift in Sources */ = {isa = PBXBuildFile; fileRef = F7BF21E8233AA202009DBDA5 /* BasePresenterProtocals.swift */; };
		F7BF21EF233AA202009DBDA5 /* UIViewController+Extension.swift in Sources */ = {isa = PBXBuildFile; fileRef = F7BF21E9233AA202009DBDA5 /* UIViewController+Extension.swift */; };
		F7BF21F0233AA202009DBDA5 /* BasePresenter.swift in Sources */ = {isa = PBXBuildFile; fileRef = F7BF21EA233AA202009DBDA5 /* BasePresenter.swift */; };
		F7BF21F1233AA202009DBDA5 /* BaseViewProtocal.swift in Sources */ = {isa = PBXBuildFile; fileRef = F7BF21EB233AA202009DBDA5 /* BaseViewProtocal.swift */; };
		F7BF21F2233AA202009DBDA5 /* BaseListAdaptor.swift in Sources */ = {isa = PBXBuildFile; fileRef = F7BF21EC233AA202009DBDA5 /* BaseListAdaptor.swift */; };
		F7BF21F6233B9952009DBDA5 /* BaseModel.swift in Sources */ = {isa = PBXBuildFile; fileRef = F7BF21F5233B9952009DBDA5 /* BaseModel.swift */; };
		F7BF21F8233B9960009DBDA5 /* BaseModelProtocal.swift in Sources */ = {isa = PBXBuildFile; fileRef = F7BF21F7233B9960009DBDA5 /* BaseModelProtocal.swift */; };
		F7BF2224233CB36A009DBDA5 /* AppDelegate+Extensions.swift in Sources */ = {isa = PBXBuildFile; fileRef = F7BF2223233CB36A009DBDA5 /* AppDelegate+Extensions.swift */; };
/* End PBXBuildFile section */

/* Begin PBXFileReference section */
		0FCAF620690F52FAD3EA7352 /* Pods-TMDB.debug.xcconfig */ = {isa = PBXFileReference; includeInIndex = 1; lastKnownFileType = text.xcconfig; name = "Pods-TMDB.debug.xcconfig"; path = "Target Support Files/Pods-TMDB/Pods-TMDB.debug.xcconfig"; sourceTree = "<group>"; };
		14E7A82E9B83510EE763DD65 /* Pods-TMDB.release.xcconfig */ = {isa = PBXFileReference; includeInIndex = 1; lastKnownFileType = text.xcconfig; name = "Pods-TMDB.release.xcconfig"; path = "Target Support Files/Pods-TMDB/Pods-TMDB.release.xcconfig"; sourceTree = "<group>"; };
		B03670A045BAB1A8BE150F70 /* Pods-Sample MVP.release.xcconfig */ = {isa = PBXFileReference; includeInIndex = 1; lastKnownFileType = text.xcconfig; name = "Pods-Sample MVP.release.xcconfig"; path = "Target Support Files/Pods-Sample MVP/Pods-Sample MVP.release.xcconfig"; sourceTree = "<group>"; };
		E88B76BD53217998401F565B /* Pods-Sample MVP.debug.xcconfig */ = {isa = PBXFileReference; includeInIndex = 1; lastKnownFileType = text.xcconfig; name = "Pods-Sample MVP.debug.xcconfig"; path = "Target Support Files/Pods-Sample MVP/Pods-Sample MVP.debug.xcconfig"; sourceTree = "<group>"; };
		F71BE3B723327215005A0BA4 /* TMDB.app */ = {isa = PBXFileReference; explicitFileType = wrapper.application; includeInIndex = 0; path = TMDB.app; sourceTree = BUILT_PRODUCTS_DIR; };
		F71BE3BA23327215005A0BA4 /* AppDelegate.swift */ = {isa = PBXFileReference; lastKnownFileType = sourcecode.swift; path = AppDelegate.swift; sourceTree = "<group>"; };
		F71BE3C123327217005A0BA4 /* Assets.xcassets */ = {isa = PBXFileReference; lastKnownFileType = folder.assetcatalog; path = Assets.xcassets; sourceTree = "<group>"; };
		F71BE3D023327286005A0BA4 /* ListActorsViewController.swift */ = {isa = PBXFileReference; lastKnownFileType = sourcecode.swift; path = ListActorsViewController.swift; sourceTree = "<group>"; };
		F71BE3D123327286005A0BA4 /* ListActorsViewController.xib */ = {isa = PBXFileReference; lastKnownFileType = file.xib; path = ListActorsViewController.xib; sourceTree = "<group>"; };
		F71BE3D4233272B2005A0BA4 /* ActorsDetailsViewController.swift */ = {isa = PBXFileReference; lastKnownFileType = sourcecode.swift; path = ActorsDetailsViewController.swift; sourceTree = "<group>"; };
		F71BE3D5233272B2005A0BA4 /* ActorsDetailsViewController.xib */ = {isa = PBXFileReference; lastKnownFileType = file.xib; path = ActorsDetailsViewController.xib; sourceTree = "<group>"; };
		F71BE3DD233275A9005A0BA4 /* StaticHeaderPlugin.swift */ = {isa = PBXFileReference; fileEncoding = 4; lastKnownFileType = sourcecode.swift; path = StaticHeaderPlugin.swift; sourceTree = "<group>"; };
		F71BE3DF233275A9005A0BA4 /* NetworkService+ActorsService.swift */ = {isa = PBXFileReference; fileEncoding = 4; lastKnownFileType = sourcecode.swift; path = "NetworkService+ActorsService.swift"; sourceTree = "<group>"; };
		F71BE3E0233275A9005A0BA4 /* ProductService.swift */ = {isa = PBXFileReference; fileEncoding = 4; lastKnownFileType = sourcecode.swift; path = ProductService.swift; sourceTree = "<group>"; };
		F71BE3E1233275A9005A0BA4 /* NetworkDefaults.swift */ = {isa = PBXFileReference; fileEncoding = 4; lastKnownFileType = sourcecode.swift; path = NetworkDefaults.swift; sourceTree = "<group>"; };
		F71BE3E3233275A9005A0BA4 /* NetworkManager.swift */ = {isa = PBXFileReference; fileEncoding = 4; lastKnownFileType = sourcecode.swift; path = NetworkManager.swift; sourceTree = "<group>"; };
		F71BE3E4233275A9005A0BA4 /* NetworkError.swift */ = {isa = PBXFileReference; fileEncoding = 4; lastKnownFileType = sourcecode.swift; path = NetworkError.swift; sourceTree = "<group>"; };
		F71BE3F023328C55005A0BA4 /* Person.swift */ = {isa = PBXFileReference; fileEncoding = 4; lastKnownFileType = sourcecode.swift; path = Person.swift; sourceTree = "<group>"; };
		F71BE3F123328C55005A0BA4 /* KnownFor.swift */ = {isa = PBXFileReference; fileEncoding = 4; lastKnownFileType = sourcecode.swift; path = KnownFor.swift; sourceTree = "<group>"; };
		F71BE3F223328C55005A0BA4 /* APIResponse.swift */ = {isa = PBXFileReference; fileEncoding = 4; lastKnownFileType = sourcecode.swift; path = APIResponse.swift; sourceTree = "<group>"; };
		F71BE3FA233290DF005A0BA4 /* Base */ = {isa = PBXFileReference; lastKnownFileType = file.storyboard; name = Base; path = Base.lproj/LaunchScreen.storyboard; sourceTree = "<group>"; };
		F71BE3FE2332910B005A0BA4 /* Info.plist */ = {isa = PBXFileReference; fileEncoding = 4; lastKnownFileType = text.plist.xml; path = Info.plist; sourceTree = "<group>"; };
		F71BE40223329B2C005A0BA4 /* ImagePreviewViewController.swift */ = {isa = PBXFileReference; lastKnownFileType = sourcecode.swift; path = ImagePreviewViewController.swift; sourceTree = "<group>"; };
		F71BE40323329B2C005A0BA4 /* ImagePreviewViewController.xib */ = {isa = PBXFileReference; lastKnownFileType = file.xib; path = ImagePreviewViewController.xib; sourceTree = "<group>"; };
		F7BF21CD233A3A61009DBDA5 /* ListActorsProtocals.swift */ = {isa = PBXFileReference; lastKnownFileType = sourcecode.swift; path = ListActorsProtocals.swift; sourceTree = "<group>"; };
		F7BF21E7233AA202009DBDA5 /* BaseViewController.swift */ = {isa = PBXFileReference; lastKnownFileType = sourcecode.swift; path = BaseViewController.swift; sourceTree = "<group>"; };
		F7BF21E8233AA202009DBDA5 /* BasePresenterProtocals.swift */ = {isa = PBXFileReference; lastKnownFileType = sourcecode.swift; path = BasePresenterProtocals.swift; sourceTree = "<group>"; };
		F7BF21E9233AA202009DBDA5 /* UIViewController+Extension.swift */ = {isa = PBXFileReference; lastKnownFileType = sourcecode.swift; path = "UIViewController+Extension.swift"; sourceTree = "<group>"; };
		F7BF21EA233AA202009DBDA5 /* BasePresenter.swift */ = {isa = PBXFileReference; lastKnownFileType = sourcecode.swift; path = BasePresenter.swift; sourceTree = "<group>"; };
		F7BF21EB233AA202009DBDA5 /* BaseViewProtocal.swift */ = {isa = PBXFileReference; lastKnownFileType = sourcecode.swift; path = BaseViewProtocal.swift; sourceTree = "<group>"; };
		F7BF21EC233AA202009DBDA5 /* BaseListAdaptor.swift */ = {isa = PBXFileReference; lastKnownFileType = sourcecode.swift; path = BaseListAdaptor.swift; sourceTree = "<group>"; };
		F7BF21F5233B9952009DBDA5 /* BaseModel.swift */ = {isa = PBXFileReference; lastKnownFileType = sourcecode.swift; path = BaseModel.swift; sourceTree = "<group>"; };
		F7BF21F7233B9960009DBDA5 /* BaseModelProtocal.swift */ = {isa = PBXFileReference; lastKnownFileType = sourcecode.swift; path = BaseModelProtocal.swift; sourceTree = "<group>"; };
		F7BF2223233CB36A009DBDA5 /* AppDelegate+Extensions.swift */ = {isa = PBXFileReference; lastKnownFileType = sourcecode.swift; path = "AppDelegate+Extensions.swift"; sourceTree = "<group>"; };
		F97C5A53175785566AF881A9 /* Pods_TMDB.framework */ = {isa = PBXFileReference; explicitFileType = wrapper.framework; includeInIndex = 0; path = Pods_TMDB.framework; sourceTree = BUILT_PRODUCTS_DIR; };
/* End PBXFileReference section */

/* Begin PBXFrameworksBuildPhase section */
		F71BE3B423327215005A0BA4 /* Frameworks */ = {
			isa = PBXFrameworksBuildPhase;
			buildActionMask = 2147483647;
			files = (
				98B8CD6049353E68D10D88B7 /* Pods_TMDB.framework in Frameworks */,
			);
			runOnlyForDeploymentPostprocessing = 0;
		};
/* End PBXFrameworksBuildPhase section */

/* Begin PBXGroup section */
		2F712617848DC7D413F41C41 /* Pods */ = {
			isa = PBXGroup;
			children = (
				E88B76BD53217998401F565B /* Pods-Sample MVP.debug.xcconfig */,
				B03670A045BAB1A8BE150F70 /* Pods-Sample MVP.release.xcconfig */,
				0FCAF620690F52FAD3EA7352 /* Pods-TMDB.debug.xcconfig */,
				14E7A82E9B83510EE763DD65 /* Pods-TMDB.release.xcconfig */,
			);
			path = Pods;
			sourceTree = "<group>";
		};
		CDB4635023965E2A9D9F9315 /* Frameworks */ = {
			isa = PBXGroup;
			children = (
				F97C5A53175785566AF881A9 /* Pods_TMDB.framework */,
			);
			name = Frameworks;
			sourceTree = "<group>";
		};
		F71BE3AE23327215005A0BA4 = {
			isa = PBXGroup;
			children = (
				F71BE3B923327215005A0BA4 /* TMDB */,
				F71BE3B823327215005A0BA4 /* Products */,
				2F712617848DC7D413F41C41 /* Pods */,
				CDB4635023965E2A9D9F9315 /* Frameworks */,
			);
			sourceTree = "<group>";
		};
		F71BE3B823327215005A0BA4 /* Products */ = {
			isa = PBXGroup;
			children = (
				F71BE3B723327215005A0BA4 /* TMDB.app */,
			);
			name = Products;
			sourceTree = "<group>";
		};
		F71BE3B923327215005A0BA4 /* TMDB */ = {
			isa = PBXGroup;
			children = (
				F71BE3DB233272E8005A0BA4 /* AppDelegate */,
				F71BE40023329ADA005A0BA4 /* Resources */,
				F71BE3D8233272BF005A0BA4 /* Base */,
				F71BE3EF23328BA0005A0BA4 /* Entity */,
				F71BE3F8233290DF005A0BA4 /* UI */,
				F71BE3CC2332721D005A0BA4 /* Networking */,
				F71BE3FD2332910B005A0BA4 /* Supporting Files */,
				F71BE3CD23327223005A0BA4 /* Scense */,
			);
			path = TMDB;
			sourceTree = "<group>";
		};
		F71BE3CC2332721D005A0BA4 /* Networking */ = {
			isa = PBXGroup;
			children = (
				F71BE3ED233275CC005A0BA4 /* Core */,
				F71BE3DE233275A9005A0BA4 /* Actors */,
			);
			path = Networking;
			sourceTree = "<group>";
		};
		F71BE3CD23327223005A0BA4 /* Scense */ = {
			isa = PBXGroup;
			children = (
				F71BE3CE23327252005A0BA4 /* ListActors */,
				F71BE3CF2332725E005A0BA4 /* ActorDetails */,
				F71BE40123329B12005A0BA4 /* ImagePreview */,
			);
			path = Scense;
			sourceTree = "<group>";
		};
		F71BE3CE23327252005A0BA4 /* ListActors */ = {
			isa = PBXGroup;
			children = (
				F7BF21CD233A3A61009DBDA5 /* ListActorsProtocals.swift */,
				F71BE3D023327286005A0BA4 /* ListActorsViewController.swift */,
				F71BE3D123327286005A0BA4 /* ListActorsViewController.xib */,
			);
			path = ListActors;
			sourceTree = "<group>";
		};
		F71BE3CF2332725E005A0BA4 /* ActorDetails */ = {
			isa = PBXGroup;
			children = (
				F71BE3D4233272B2005A0BA4 /* ActorsDetailsViewController.swift */,
				F71BE3D5233272B2005A0BA4 /* ActorsDetailsViewController.xib */,
			);
			path = ActorDetails;
			sourceTree = "<group>";
		};
		F71BE3D8233272BF005A0BA4 /* Base */ = {
			isa = PBXGroup;
			children = (
				F7BF21EC233AA202009DBDA5 /* BaseListAdaptor.swift */,
				F7BF21EA233AA202009DBDA5 /* BasePresenter.swift */,
				F7BF21E8233AA202009DBDA5 /* BasePresenterProtocals.swift */,
				F7BF21E7233AA202009DBDA5 /* BaseViewController.swift */,
				F7BF21EB233AA202009DBDA5 /* BaseViewProtocal.swift */,
				F7BF21E9233AA202009DBDA5 /* UIViewController+Extension.swift */,
				F7BF21F5233B9952009DBDA5 /* BaseModel.swift */,
				F7BF21F7233B9960009DBDA5 /* BaseModelProtocal.swift */,
			);
			path = Base;
			sourceTree = "<group>";
		};
		F71BE3DB233272E8005A0BA4 /* AppDelegate */ = {
			isa = PBXGroup;
			children = (
				F7BF2222233CB351009DBDA5 /* Extenstions */,
				F71BE3BA23327215005A0BA4 /* AppDelegate.swift */,
			);
			path = AppDelegate;
			sourceTree = "<group>";
		};
		F71BE3DE233275A9005A0BA4 /* Actors */ = {
			isa = PBXGroup;
			children = (
				F71BE3DF233275A9005A0BA4 /* NetworkService+ActorsService.swift */,
				F71BE3E0233275A9005A0BA4 /* ProductService.swift */,
			);
			path = Actors;
			sourceTree = "<group>";
		};
		F71BE3ED233275CC005A0BA4 /* Core */ = {
			isa = PBXGroup;
			children = (
				F71BE3DD233275A9005A0BA4 /* StaticHeaderPlugin.swift */,
				F71BE3E1233275A9005A0BA4 /* NetworkDefaults.swift */,
				F71BE3E4233275A9005A0BA4 /* NetworkError.swift */,
				F71BE3E3233275A9005A0BA4 /* NetworkManager.swift */,
			);
			path = Core;
			sourceTree = "<group>";
		};
		F71BE3EF23328BA0005A0BA4 /* Entity */ = {
			isa = PBXGroup;
			children = (
				F71BE3F223328C55005A0BA4 /* APIResponse.swift */,
				F71BE3F123328C55005A0BA4 /* KnownFor.swift */,
				F71BE3F023328C55005A0BA4 /* Person.swift */,
			);
			path = Entity;
			sourceTree = "<group>";
		};
		F71BE3F8233290DF005A0BA4 /* UI */ = {
			isa = PBXGroup;
			children = (
				F71BE3F9233290DF005A0BA4 /* LaunchScreen.storyboard */,
			);
			path = UI;
			sourceTree = "<group>";
		};
		F71BE3FD2332910B005A0BA4 /* Supporting Files */ = {
			isa = PBXGroup;
			children = (
				F71BE3FE2332910B005A0BA4 /* Info.plist */,
			);
			path = "Supporting Files";
			sourceTree = "<group>";
		};
		F71BE40023329ADA005A0BA4 /* Resources */ = {
			isa = PBXGroup;
			children = (
				F71BE3C123327217005A0BA4 /* Assets.xcassets */,
			);
			path = Resources;
			sourceTree = "<group>";
		};
		F71BE40123329B12005A0BA4 /* ImagePreview */ = {
			isa = PBXGroup;
			children = (
				F71BE40223329B2C005A0BA4 /* ImagePreviewViewController.swift */,
				F71BE40323329B2C005A0BA4 /* ImagePreviewViewController.xib */,
			);
			path = ImagePreview;
			sourceTree = "<group>";
		};
		F7BF2222233CB351009DBDA5 /* Extenstions */ = {
			isa = PBXGroup;
			children = (
				F7BF2223233CB36A009DBDA5 /* AppDelegate+Extensions.swift */,
			);
			path = Extenstions;
			sourceTree = "<group>";
		};
/* End PBXGroup section */

/* Begin PBXNativeTarget section */
		F71BE3B623327215005A0BA4 /* TMDB */ = {
			isa = PBXNativeTarget;
			buildConfigurationList = F71BE3C923327217005A0BA4 /* Build configuration list for PBXNativeTarget "TMDB" */;
			buildPhases = (
				EDC04BFAF254489A8B8DF4B6 /* [CP] Check Pods Manifest.lock */,
				F71BE3B323327215005A0BA4 /* Sources */,
				F71BE3B423327215005A0BA4 /* Frameworks */,
				F71BE3B523327215005A0BA4 /* Resources */,
				F3D7340CAA516B58A0D34291 /* [CP] Embed Pods Frameworks */,
			);
			buildRules = (
			);
			dependencies = (
			);
			name = TMDB;
			productName = "Sample MVP";
			productReference = F71BE3B723327215005A0BA4 /* TMDB.app */;
			productType = "com.apple.product-type.application";
		};
/* End PBXNativeTarget section */

/* Begin PBXProject section */
		F71BE3AF23327215005A0BA4 /* Project object */ = {
			isa = PBXProject;
			attributes = {
				LastSwiftUpdateCheck = 1030;
				LastUpgradeCheck = 1030;
				ORGANIZATIONNAME = "Ibtikar Technologies, Co. Ltd";
				TargetAttributes = {
					F71BE3B623327215005A0BA4 = {
						CreatedOnToolsVersion = 10.3;
					};
				};
			};
			buildConfigurationList = F71BE3B223327215005A0BA4 /* Build configuration list for PBXProject "TMDB" */;
			compatibilityVersion = "Xcode 9.3";
			developmentRegion = en;
			hasScannedForEncodings = 0;
			knownRegions = (
				en,
				Base,
			);
			mainGroup = F71BE3AE23327215005A0BA4;
			productRefGroup = F71BE3B823327215005A0BA4 /* Products */;
			projectDirPath = "";
			projectRoot = "";
			targets = (
				F71BE3B623327215005A0BA4 /* TMDB */,
			);
		};
/* End PBXProject section */

/* Begin PBXResourcesBuildPhase section */
		F71BE3B523327215005A0BA4 /* Resources */ = {
			isa = PBXResourcesBuildPhase;
			buildActionMask = 2147483647;
			files = (
				F71BE3D7233272B2005A0BA4 /* ActorsDetailsViewController.xib in Resources */,
				F71BE3FB233290DF005A0BA4 /* LaunchScreen.storyboard in Resources */,
				F71BE3C223327217005A0BA4 /* Assets.xcassets in Resources */,
				F71BE3D323327286005A0BA4 /* ListActorsViewController.xib in Resources */,
				F71BE40523329B2C005A0BA4 /* ImagePreviewViewController.xib in Resources */,
			);
			runOnlyForDeploymentPostprocessing = 0;
		};
/* End PBXResourcesBuildPhase section */

/* Begin PBXShellScriptBuildPhase section */
		EDC04BFAF254489A8B8DF4B6 /* [CP] Check Pods Manifest.lock */ = {
			isa = PBXShellScriptBuildPhase;
			buildActionMask = 2147483647;
			files = (
			);
			inputFileListPaths = (
			);
			inputPaths = (
				"${PODS_PODFILE_DIR_PATH}/Podfile.lock",
				"${PODS_ROOT}/Manifest.lock",
			);
			name = "[CP] Check Pods Manifest.lock";
			outputFileListPaths = (
			);
			outputPaths = (
				"$(DERIVED_FILE_DIR)/Pods-TMDB-checkManifestLockResult.txt",
			);
			runOnlyForDeploymentPostprocessing = 0;
			shellPath = /bin/sh;
			shellScript = "diff \"${PODS_PODFILE_DIR_PATH}/Podfile.lock\" \"${PODS_ROOT}/Manifest.lock\" > /dev/null\nif [ $? != 0 ] ; then\n    # print error to STDERR\n    echo \"error: The sandbox is not in sync with the Podfile.lock. Run 'pod install' or update your CocoaPods installation.\" >&2\n    exit 1\nfi\n# This output is used by Xcode 'outputs' to avoid re-running this script phase.\necho \"SUCCESS\" > \"${SCRIPT_OUTPUT_FILE_0}\"\n";
			showEnvVarsInLog = 0;
		};
		F3D7340CAA516B58A0D34291 /* [CP] Embed Pods Frameworks */ = {
			isa = PBXShellScriptBuildPhase;
			buildActionMask = 2147483647;
			files = (
			);
			inputFileListPaths = (
				"${PODS_ROOT}/Target Support Files/Pods-TMDB/Pods-TMDB-frameworks-${CONFIGURATION}-input-files.xcfilelist",
			);
			name = "[CP] Embed Pods Frameworks";
			outputFileListPaths = (
				"${PODS_ROOT}/Target Support Files/Pods-TMDB/Pods-TMDB-frameworks-${CONFIGURATION}-output-files.xcfilelist",
			);
			runOnlyForDeploymentPostprocessing = 0;
			shellPath = /bin/sh;
			shellScript = "\"${PODS_ROOT}/Target Support Files/Pods-TMDB/Pods-TMDB-frameworks.sh\"\n";
			showEnvVarsInLog = 0;
		};
/* End PBXShellScriptBuildPhase section */

/* Begin PBXSourcesBuildPhase section */
		F71BE3B323327215005A0BA4 /* Sources */ = {
			isa = PBXSourcesBuildPhase;
			buildActionMask = 2147483647;
			files = (
				F71BE3F423328C55005A0BA4 /* KnownFor.swift in Sources */,
				F7BF21F0233AA202009DBDA5 /* BasePresenter.swift in Sources */,
				F7BF21F6233B9952009DBDA5 /* BaseModel.swift in Sources */,
				F7BF21EE233AA202009DBDA5 /* BasePresenterProtocals.swift in Sources */,
				F71BE3D223327286005A0BA4 /* ListActorsViewController.swift in Sources */,
				F71BE40423329B2C005A0BA4 /* ImagePreviewViewController.swift in Sources */,
				F7BF21F8233B9960009DBDA5 /* BaseModelProtocal.swift in Sources */,
				F7BF21EF233AA202009DBDA5 /* UIViewController+Extension.swift in Sources */,
				F7BF21F2233AA202009DBDA5 /* BaseListAdaptor.swift in Sources */,
				F71BE3E9233275A9005A0BA4 /* NetworkDefaults.swift in Sources */,
				F7BF21F1233AA202009DBDA5 /* BaseViewProtocal.swift in Sources */,
				F7BF21CE233A3A61009DBDA5 /* ListActorsProtocals.swift in Sources */,
				F7BF21ED233AA202009DBDA5 /* BaseViewController.swift in Sources */,
				F71BE3EB233275A9005A0BA4 /* NetworkManager.swift in Sources */,
				F7BF2224233CB36A009DBDA5 /* AppDelegate+Extensions.swift in Sources */,
				F71BE3E8233275A9005A0BA4 /* ProductService.swift in Sources */,
				F71BE3E6233275A9005A0BA4 /* StaticHeaderPlugin.swift in Sources */,
				F71BE3F523328C55005A0BA4 /* APIResponse.swift in Sources */,
				F71BE3F323328C55005A0BA4 /* Person.swift in Sources */,
				F71BE3D6233272B2005A0BA4 /* ActorsDetailsViewController.swift in Sources */,
				F71BE3BB23327215005A0BA4 /* AppDelegate.swift in Sources */,
				F71BE3EC233275A9005A0BA4 /* NetworkError.swift in Sources */,
				F71BE3E7233275A9005A0BA4 /* NetworkService+ActorsService.swift in Sources */,
			);
			runOnlyForDeploymentPostprocessing = 0;
		};
/* End PBXSourcesBuildPhase section */

/* Begin PBXVariantGroup section */
		F71BE3F9233290DF005A0BA4 /* LaunchScreen.storyboard */ = {
			isa = PBXVariantGroup;
			children = (
				F71BE3FA233290DF005A0BA4 /* Base */,
			);
			name = LaunchScreen.storyboard;
			sourceTree = "<group>";
		};
/* End PBXVariantGroup section */

/* Begin XCBuildConfiguration section */
		F71BE3C723327217005A0BA4 /* Debug */ = {
			isa = XCBuildConfiguration;
			buildSettings = {
				ALWAYS_SEARCH_USER_PATHS = NO;
				CLANG_ANALYZER_NONNULL = YES;
				CLANG_ANALYZER_NUMBER_OBJECT_CONVERSION = YES_AGGRESSIVE;
				CLANG_CXX_LANGUAGE_STANDARD = "gnu++14";
				CLANG_CXX_LIBRARY = "libc++";
				CLANG_ENABLE_MODULES = YES;
				CLANG_ENABLE_OBJC_ARC = YES;
				CLANG_ENABLE_OBJC_WEAK = YES;
				CLANG_WARN_BLOCK_CAPTURE_AUTORELEASING = YES;
				CLANG_WARN_BOOL_CONVERSION = YES;
				CLANG_WARN_COMMA = YES;
				CLANG_WARN_CONSTANT_CONVERSION = YES;
				CLANG_WARN_DEPRECATED_OBJC_IMPLEMENTATIONS = YES;
				CLANG_WARN_DIRECT_OBJC_ISA_USAGE = YES_ERROR;
				CLANG_WARN_DOCUMENTATION_COMMENTS = YES;
				CLANG_WARN_EMPTY_BODY = YES;
				CLANG_WARN_ENUM_CONVERSION = YES;
				CLANG_WARN_INFINITE_RECURSION = YES;
				CLANG_WARN_INT_CONVERSION = YES;
				CLANG_WARN_NON_LITERAL_NULL_CONVERSION = YES;
				CLANG_WARN_OBJC_IMPLICIT_RETAIN_SELF = YES;
				CLANG_WARN_OBJC_LITERAL_CONVERSION = YES;
				CLANG_WARN_OBJC_ROOT_CLASS = YES_ERROR;
				CLANG_WARN_RANGE_LOOP_ANALYSIS = YES;
				CLANG_WARN_STRICT_PROTOTYPES = YES;
				CLANG_WARN_SUSPICIOUS_MOVE = YES;
				CLANG_WARN_UNGUARDED_AVAILABILITY = YES_AGGRESSIVE;
				CLANG_WARN_UNREACHABLE_CODE = YES;
				CLANG_WARN__DUPLICATE_METHOD_MATCH = YES;
				CODE_SIGN_IDENTITY = "iPhone Developer";
				COPY_PHASE_STRIP = NO;
				DEBUG_INFORMATION_FORMAT = dwarf;
				ENABLE_STRICT_OBJC_MSGSEND = YES;
				ENABLE_TESTABILITY = YES;
				GCC_C_LANGUAGE_STANDARD = gnu11;
				GCC_DYNAMIC_NO_PIC = NO;
				GCC_NO_COMMON_BLOCKS = YES;
				GCC_OPTIMIZATION_LEVEL = 0;
				GCC_PREPROCESSOR_DEFINITIONS = (
					"DEBUG=1",
					"$(inherited)",
				);
				GCC_WARN_64_TO_32_BIT_CONVERSION = YES;
				GCC_WARN_ABOUT_RETURN_TYPE = YES_ERROR;
				GCC_WARN_UNDECLARED_SELECTOR = YES;
				GCC_WARN_UNINITIALIZED_AUTOS = YES_AGGRESSIVE;
				GCC_WARN_UNUSED_FUNCTION = YES;
				GCC_WARN_UNUSED_VARIABLE = YES;
				IPHONEOS_DEPLOYMENT_TARGET = 12.4;
				MTL_ENABLE_DEBUG_INFO = INCLUDE_SOURCE;
				MTL_FAST_MATH = YES;
				ONLY_ACTIVE_ARCH = YES;
				SDKROOT = iphoneos;
				SWIFT_ACTIVE_COMPILATION_CONDITIONS = DEBUG;
				SWIFT_OPTIMIZATION_LEVEL = "-Onone";
			};
			name = Debug;
		};
		F71BE3C823327217005A0BA4 /* Release */ = {
			isa = XCBuildConfiguration;
			buildSettings = {
				ALWAYS_SEARCH_USER_PATHS = NO;
				CLANG_ANALYZER_NONNULL = YES;
				CLANG_ANALYZER_NUMBER_OBJECT_CONVERSION = YES_AGGRESSIVE;
				CLANG_CXX_LANGUAGE_STANDARD = "gnu++14";
				CLANG_CXX_LIBRARY = "libc++";
				CLANG_ENABLE_MODULES = YES;
				CLANG_ENABLE_OBJC_ARC = YES;
				CLANG_ENABLE_OBJC_WEAK = YES;
				CLANG_WARN_BLOCK_CAPTURE_AUTORELEASING = YES;
				CLANG_WARN_BOOL_CONVERSION = YES;
				CLANG_WARN_COMMA = YES;
				CLANG_WARN_CONSTANT_CONVERSION = YES;
				CLANG_WARN_DEPRECATED_OBJC_IMPLEMENTATIONS = YES;
				CLANG_WARN_DIRECT_OBJC_ISA_USAGE = YES_ERROR;
				CLANG_WARN_DOCUMENTATION_COMMENTS = YES;
				CLANG_WARN_EMPTY_BODY = YES;
				CLANG_WARN_ENUM_CONVERSION = YES;
				CLANG_WARN_INFINITE_RECURSION = YES;
				CLANG_WARN_INT_CONVERSION = YES;
				CLANG_WARN_NON_LITERAL_NULL_CONVERSION = YES;
				CLANG_WARN_OBJC_IMPLICIT_RETAIN_SELF = YES;
				CLANG_WARN_OBJC_LITERAL_CONVERSION = YES;
				CLANG_WARN_OBJC_ROOT_CLASS = YES_ERROR;
				CLANG_WARN_RANGE_LOOP_ANALYSIS = YES;
				CLANG_WARN_STRICT_PROTOTYPES = YES;
				CLANG_WARN_SUSPICIOUS_MOVE = YES;
				CLANG_WARN_UNGUARDED_AVAILABILITY = YES_AGGRESSIVE;
				CLANG_WARN_UNREACHABLE_CODE = YES;
				CLANG_WARN__DUPLICATE_METHOD_MATCH = YES;
				CODE_SIGN_IDENTITY = "iPhone Developer";
				COPY_PHASE_STRIP = NO;
				DEBUG_INFORMATION_FORMAT = "dwarf-with-dsym";
				ENABLE_NS_ASSERTIONS = NO;
				ENABLE_STRICT_OBJC_MSGSEND = YES;
				GCC_C_LANGUAGE_STANDARD = gnu11;
				GCC_NO_COMMON_BLOCKS = YES;
				GCC_WARN_64_TO_32_BIT_CONVERSION = YES;
				GCC_WARN_ABOUT_RETURN_TYPE = YES_ERROR;
				GCC_WARN_UNDECLARED_SELECTOR = YES;
				GCC_WARN_UNINITIALIZED_AUTOS = YES_AGGRESSIVE;
				GCC_WARN_UNUSED_FUNCTION = YES;
				GCC_WARN_UNUSED_VARIABLE = YES;
				IPHONEOS_DEPLOYMENT_TARGET = 12.4;
				MTL_ENABLE_DEBUG_INFO = NO;
				MTL_FAST_MATH = YES;
				SDKROOT = iphoneos;
				SWIFT_COMPILATION_MODE = wholemodule;
				SWIFT_OPTIMIZATION_LEVEL = "-O";
				VALIDATE_PRODUCT = YES;
			};
			name = Release;
		};
		F71BE3CA23327217005A0BA4 /* Debug */ = {
			isa = XCBuildConfiguration;
			baseConfigurationReference = 0FCAF620690F52FAD3EA7352 /* Pods-TMDB.debug.xcconfig */;
			buildSettings = {
				ASSETCATALOG_COMPILER_APPICON_NAME = AppIcon;
				ASSETCATALOG_COMPILER_LAUNCHIMAGE_NAME = LaunchImage;
				CODE_SIGN_STYLE = Automatic;
				DEVELOPMENT_TEAM = 2C86JD592M;
				INFOPLIST_FILE = "$(SRCROOT)/TMDB/Supporting Files/Info.plist";
				IPHONEOS_DEPLOYMENT_TARGET = 11.0;
				LD_RUNPATH_SEARCH_PATHS = (
					"$(inherited)",
					"@executable_path/Frameworks",
				);
				PRODUCT_BUNDLE_IDENTIFIER = ibtikar.example.tmdb;
				PRODUCT_NAME = "$(TARGET_NAME)";
				SWIFT_VERSION = 5.0;
				TARGETED_DEVICE_FAMILY = 1;
			};
			name = Debug;
		};
		F71BE3CB23327217005A0BA4 /* Release */ = {
			isa = XCBuildConfiguration;
			baseConfigurationReference = 14E7A82E9B83510EE763DD65 /* Pods-TMDB.release.xcconfig */;
			buildSettings = {
				ASSETCATALOG_COMPILER_APPICON_NAME = AppIcon;
				ASSETCATALOG_COMPILER_LAUNCHIMAGE_NAME = LaunchImage;
				CODE_SIGN_STYLE = Automatic;
				DEVELOPMENT_TEAM = 2C86JD592M;
				INFOPLIST_FILE = "$(SRCROOT)/TMDB/Supporting Files/Info.plist";
				IPHONEOS_DEPLOYMENT_TARGET = 11.0;
				LD_RUNPATH_SEARCH_PATHS = (
					"$(inherited)",
					"@executable_path/Frameworks",
				);
				PRODUCT_BUNDLE_IDENTIFIER = ibtikar.example.tmdb;
				PRODUCT_NAME = "$(TARGET_NAME)";
				SWIFT_VERSION = 5.0;
				TARGETED_DEVICE_FAMILY = 1;
			};
			name = Release;
		};
/* End XCBuildConfiguration section */

/* Begin XCConfigurationList section */
		F71BE3B223327215005A0BA4 /* Build configuration list for PBXProject "TMDB" */ = {
			isa = XCConfigurationList;
			buildConfigurations = (
				F71BE3C723327217005A0BA4 /* Debug */,
				F71BE3C823327217005A0BA4 /* Release */,
			);
			defaultConfigurationIsVisible = 0;
			defaultConfigurationName = Release;
		};
		F71BE3C923327217005A0BA4 /* Build configuration list for PBXNativeTarget "TMDB" */ = {
			isa = XCConfigurationList;
			buildConfigurations = (
				F71BE3CA23327217005A0BA4 /* Debug */,
				F71BE3CB23327217005A0BA4 /* Release */,
			);
			defaultConfigurationIsVisible = 0;
			defaultConfigurationName = Release;
		};
/* End XCConfigurationList section */
	};
	rootObject = F71BE3AF23327215005A0BA4 /* Project object */;
}
