// !$*UTF8*$!
{
	archiveVersion = 1;
	classes = {
	};
	objectVersion = 50;
	objects = {

/* Begin PBXBuildFile section */
		F71BE3BB23327215005A0BA4 /* AppDelegate.swift in Sources */ = {isa = PBXBuildFile; fileRef = F71BE3BA23327215005A0BA4 /* AppDelegate.swift */; };
		F71BE3C223327217005A0BA4 /* Assets.xcassets in Resources */ = {isa = PBXBuildFile; fileRef = F71BE3C123327217005A0BA4 /* Assets.xcassets */; };
		F71BE3C523327217005A0BA4 /* LaunchScreen.storyboard in Resources */ = {isa = PBXBuildFile; fileRef = F71BE3C323327217005A0BA4 /* LaunchScreen.storyboard */; };
		F71BE3D223327286005A0BA4 /* ListActorsViewController.swift in Sources */ = {isa = PBXBuildFile; fileRef = F71BE3D023327286005A0BA4 /* ListActorsViewController.swift */; };
		F71BE3D323327286005A0BA4 /* ListActorsViewController.xib in Resources */ = {isa = PBXBuildFile; fileRef = F71BE3D123327286005A0BA4 /* ListActorsViewController.xib */; };
		F71BE3D6233272B2005A0BA4 /* ActorsDetailsViewController.swift in Sources */ = {isa = PBXBuildFile; fileRef = F71BE3D4233272B2005A0BA4 /* ActorsDetailsViewController.swift */; };
		F71BE3D7233272B2005A0BA4 /* ActorsDetailsViewController.xib in Resources */ = {isa = PBXBuildFile; fileRef = F71BE3D5233272B2005A0BA4 /* ActorsDetailsViewController.xib */; };
		F71BE3DA233272D0005A0BA4 /* BaseViewController.swift in Sources */ = {isa = PBXBuildFile; fileRef = F71BE3D9233272D0005A0BA4 /* BaseViewController.swift */; };
		F71BE3E5233275A9005A0BA4 /* NetworkService+UserService.swift in Sources */ = {isa = PBXBuildFile; fileRef = F71BE3DC233275A9005A0BA4 /* NetworkService+UserService.swift */; };
		F71BE3E6233275A9005A0BA4 /* StaticHeaderPlugin.swift in Sources */ = {isa = PBXBuildFile; fileRef = F71BE3DD233275A9005A0BA4 /* StaticHeaderPlugin.swift */; };
		F71BE3E7233275A9005A0BA4 /* NetworkService+ActorsService.swift in Sources */ = {isa = PBXBuildFile; fileRef = F71BE3DF233275A9005A0BA4 /* NetworkService+ActorsService.swift */; };
		F71BE3E8233275A9005A0BA4 /* ProductService.swift in Sources */ = {isa = PBXBuildFile; fileRef = F71BE3E0233275A9005A0BA4 /* ProductService.swift */; };
		F71BE3E9233275A9005A0BA4 /* NetworkDefaults.swift in Sources */ = {isa = PBXBuildFile; fileRef = F71BE3E1233275A9005A0BA4 /* NetworkDefaults.swift */; };
		F71BE3EB233275A9005A0BA4 /* NetworkManager.swift in Sources */ = {isa = PBXBuildFile; fileRef = F71BE3E3233275A9005A0BA4 /* NetworkManager.swift */; };
		F71BE3EC233275A9005A0BA4 /* NetworkError.swift in Sources */ = {isa = PBXBuildFile; fileRef = F71BE3E4233275A9005A0BA4 /* NetworkError.swift */; };
/* End PBXBuildFile section */

/* Begin PBXFileReference section */
		F71BE3B723327215005A0BA4 /* Sample MVP.app */ = {isa = PBXFileReference; explicitFileType = wrapper.application; includeInIndex = 0; path = "Sample MVP.app"; sourceTree = BUILT_PRODUCTS_DIR; };
		F71BE3BA23327215005A0BA4 /* AppDelegate.swift */ = {isa = PBXFileReference; lastKnownFileType = sourcecode.swift; path = AppDelegate.swift; sourceTree = "<group>"; };
		F71BE3C123327217005A0BA4 /* Assets.xcassets */ = {isa = PBXFileReference; lastKnownFileType = folder.assetcatalog; path = Assets.xcassets; sourceTree = "<group>"; };
		F71BE3C423327217005A0BA4 /* Base */ = {isa = PBXFileReference; lastKnownFileType = file.storyboard; name = Base; path = Base.lproj/LaunchScreen.storyboard; sourceTree = "<group>"; };
		F71BE3C623327217005A0BA4 /* Info.plist */ = {isa = PBXFileReference; lastKnownFileType = text.plist.xml; path = Info.plist; sourceTree = "<group>"; };
		F71BE3D023327286005A0BA4 /* ListActorsViewController.swift */ = {isa = PBXFileReference; lastKnownFileType = sourcecode.swift; path = ListActorsViewController.swift; sourceTree = "<group>"; };
		F71BE3D123327286005A0BA4 /* ListActorsViewController.xib */ = {isa = PBXFileReference; lastKnownFileType = file.xib; path = ListActorsViewController.xib; sourceTree = "<group>"; };
		F71BE3D4233272B2005A0BA4 /* ActorsDetailsViewController.swift */ = {isa = PBXFileReference; lastKnownFileType = sourcecode.swift; path = ActorsDetailsViewController.swift; sourceTree = "<group>"; };
		F71BE3D5233272B2005A0BA4 /* ActorsDetailsViewController.xib */ = {isa = PBXFileReference; lastKnownFileType = file.xib; path = ActorsDetailsViewController.xib; sourceTree = "<group>"; };
		F71BE3D9233272D0005A0BA4 /* BaseViewController.swift */ = {isa = PBXFileReference; lastKnownFileType = sourcecode.swift; path = BaseViewController.swift; sourceTree = "<group>"; };
		F71BE3DC233275A9005A0BA4 /* NetworkService+UserService.swift */ = {isa = PBXFileReference; fileEncoding = 4; lastKnownFileType = sourcecode.swift; path = "NetworkService+UserService.swift"; sourceTree = "<group>"; };
		F71BE3DD233275A9005A0BA4 /* StaticHeaderPlugin.swift */ = {isa = PBXFileReference; fileEncoding = 4; lastKnownFileType = sourcecode.swift; path = StaticHeaderPlugin.swift; sourceTree = "<group>"; };
		F71BE3DF233275A9005A0BA4 /* NetworkService+ActorsService.swift */ = {isa = PBXFileReference; fileEncoding = 4; lastKnownFileType = sourcecode.swift; path = "NetworkService+ActorsService.swift"; sourceTree = "<group>"; };
		F71BE3E0233275A9005A0BA4 /* ProductService.swift */ = {isa = PBXFileReference; fileEncoding = 4; lastKnownFileType = sourcecode.swift; path = ProductService.swift; sourceTree = "<group>"; };
		F71BE3E1233275A9005A0BA4 /* NetworkDefaults.swift */ = {isa = PBXFileReference; fileEncoding = 4; lastKnownFileType = sourcecode.swift; path = NetworkDefaults.swift; sourceTree = "<group>"; };
		F71BE3E3233275A9005A0BA4 /* NetworkManager.swift */ = {isa = PBXFileReference; fileEncoding = 4; lastKnownFileType = sourcecode.swift; path = NetworkManager.swift; sourceTree = "<group>"; };
		F71BE3E4233275A9005A0BA4 /* NetworkError.swift */ = {isa = PBXFileReference; fileEncoding = 4; lastKnownFileType = sourcecode.swift; path = NetworkError.swift; sourceTree = "<group>"; };
/* End PBXFileReference section */

/* Begin PBXFrameworksBuildPhase section */
		F71BE3B423327215005A0BA4 /* Frameworks */ = {
			isa = PBXFrameworksBuildPhase;
			buildActionMask = 2147483647;
			files = (
			);
			runOnlyForDeploymentPostprocessing = 0;
		};
/* End PBXFrameworksBuildPhase section */

/* Begin PBXGroup section */
		F71BE3AE23327215005A0BA4 = {
			isa = PBXGroup;
			children = (
				F71BE3B923327215005A0BA4 /* Sample MVP */,
				F71BE3B823327215005A0BA4 /* Products */,
			);
			sourceTree = "<group>";
		};
		F71BE3B823327215005A0BA4 /* Products */ = {
			isa = PBXGroup;
			children = (
				F71BE3B723327215005A0BA4 /* Sample MVP.app */,
			);
			name = Products;
			sourceTree = "<group>";
		};
		F71BE3B923327215005A0BA4 /* Sample MVP */ = {
			isa = PBXGroup;
			children = (
				F71BE3DB233272E8005A0BA4 /* AppDelegate */,
				F71BE3D8233272BF005A0BA4 /* Base */,
				F71BE3CD23327223005A0BA4 /* Scense */,
				F71BE3CC2332721D005A0BA4 /* Networking */,
				F71BE3C123327217005A0BA4 /* Assets.xcassets */,
				F71BE3C323327217005A0BA4 /* LaunchScreen.storyboard */,
				F71BE3C623327217005A0BA4 /* Info.plist */,
			);
			path = "Sample MVP";
			sourceTree = "<group>";
		};
		F71BE3CC2332721D005A0BA4 /* Networking */ = {
			isa = PBXGroup;
			children = (
				F71BE3ED233275CC005A0BA4 /* Core */,
				F71BE3DE233275A9005A0BA4 /* Actors */,
			);
			path = Networking;
			sourceTree = "<group>";
		};
		F71BE3CD23327223005A0BA4 /* Scense */ = {
			isa = PBXGroup;
			children = (
				F71BE3CF2332725E005A0BA4 /* ActorDetails */,
				F71BE3CE23327252005A0BA4 /* ListActors */,
			);
			path = Scense;
			sourceTree = "<group>";
		};
		F71BE3CE23327252005A0BA4 /* ListActors */ = {
			isa = PBXGroup;
			children = (
				F71BE3D023327286005A0BA4 /* ListActorsViewController.swift */,
				F71BE3D123327286005A0BA4 /* ListActorsViewController.xib */,
			);
			path = ListActors;
			sourceTree = "<group>";
		};
		F71BE3CF2332725E005A0BA4 /* ActorDetails */ = {
			isa = PBXGroup;
			children = (
				F71BE3D4233272B2005A0BA4 /* ActorsDetailsViewController.swift */,
				F71BE3D5233272B2005A0BA4 /* ActorsDetailsViewController.xib */,
			);
			path = ActorDetails;
			sourceTree = "<group>";
		};
		F71BE3D8233272BF005A0BA4 /* Base */ = {
			isa = PBXGroup;
			children = (
				F71BE3D9233272D0005A0BA4 /* BaseViewController.swift */,
			);
			path = Base;
			sourceTree = "<group>";
		};
		F71BE3DB233272E8005A0BA4 /* AppDelegate */ = {
			isa = PBXGroup;
			children = (
				F71BE3BA23327215005A0BA4 /* AppDelegate.swift */,
			);
			path = AppDelegate;
			sourceTree = "<group>";
		};
		F71BE3DE233275A9005A0BA4 /* Actors */ = {
			isa = PBXGroup;
			children = (
				F71BE3DF233275A9005A0BA4 /* NetworkService+ActorsService.swift */,
				F71BE3E0233275A9005A0BA4 /* ProductService.swift */,
			);
			path = Actors;
			sourceTree = "<group>";
		};
		F71BE3ED233275CC005A0BA4 /* Core */ = {
			isa = PBXGroup;
			children = (
				F71BE3DD233275A9005A0BA4 /* StaticHeaderPlugin.swift */,
				F71BE3E1233275A9005A0BA4 /* NetworkDefaults.swift */,
				F71BE3E4233275A9005A0BA4 /* NetworkError.swift */,
				F71BE3E3233275A9005A0BA4 /* NetworkManager.swift */,
				F71BE3DC233275A9005A0BA4 /* NetworkService+UserService.swift */,
			);
			path = Core;
			sourceTree = "<group>";
		};
/* End PBXGroup section */

/* Begin PBXNativeTarget section */
		F71BE3B623327215005A0BA4 /* Sample MVP */ = {
			isa = PBXNativeTarget;
			buildConfigurationList = F71BE3C923327217005A0BA4 /* Build configuration list for PBXNativeTarget "Sample MVP" */;
			buildPhases = (
				F71BE3B323327215005A0BA4 /* Sources */,
				F71BE3B423327215005A0BA4 /* Frameworks */,
				F71BE3B523327215005A0BA4 /* Resources */,
			);
			buildRules = (
			);
			dependencies = (
			);
			name = "Sample MVP";
			productName = "Sample MVP";
			productReference = F71BE3B723327215005A0BA4 /* Sample MVP.app */;
			productType = "com.apple.product-type.application";
		};
/* End PBXNativeTarget section */

/* Begin PBXProject section */
		F71BE3AF23327215005A0BA4 /* Project object */ = {
			isa = PBXProject;
			attributes = {
				LastSwiftUpdateCheck = 1030;
				LastUpgradeCheck = 1030;
				ORGANIZATIONNAME = "Ibtikar Technologies, Co. Ltd";
				TargetAttributes = {
					F71BE3B623327215005A0BA4 = {
						CreatedOnToolsVersion = 10.3;
					};
				};
			};
			buildConfigurationList = F71BE3B223327215005A0BA4 /* Build configuration list for PBXProject "Sample MVP" */;
			compatibilityVersion = "Xcode 9.3";
			developmentRegion = en;
			hasScannedForEncodings = 0;
			knownRegions = (
				en,
				Base,
			);
			mainGroup = F71BE3AE23327215005A0BA4;
			productRefGroup = F71BE3B823327215005A0BA4 /* Products */;
			projectDirPath = "";
			projectRoot = "";
			targets = (
				F71BE3B623327215005A0BA4 /* Sample MVP */,
			);
		};
/* End PBXProject section */

/* Begin PBXResourcesBuildPhase section */
		F71BE3B523327215005A0BA4 /* Resources */ = {
			isa = PBXResourcesBuildPhase;
			buildActionMask = 2147483647;
			files = (
				F71BE3C523327217005A0BA4 /* LaunchScreen.storyboard in Resources */,
				F71BE3D7233272B2005A0BA4 /* ActorsDetailsViewController.xib in Resources */,
				F71BE3C223327217005A0BA4 /* Assets.xcassets in Resources */,
				F71BE3D323327286005A0BA4 /* ListActorsViewController.xib in Resources */,
			);
			runOnlyForDeploymentPostprocessing = 0;
		};
/* End PBXResourcesBuildPhase section */

/* Begin PBXSourcesBuildPhase section */
		F71BE3B323327215005A0BA4 /* Sources */ = {
			isa = PBXSourcesBuildPhase;
			buildActionMask = 2147483647;
			files = (
				F71BE3D223327286005A0BA4 /* ListActorsViewController.swift in Sources */,
				F71BE3E9233275A9005A0BA4 /* NetworkDefaults.swift in Sources */,
				F71BE3EB233275A9005A0BA4 /* NetworkManager.swift in Sources */,
				F71BE3E8233275A9005A0BA4 /* ProductService.swift in Sources */,
				F71BE3E6233275A9005A0BA4 /* StaticHeaderPlugin.swift in Sources */,
				F71BE3E5233275A9005A0BA4 /* NetworkService+UserService.swift in Sources */,
				F71BE3DA233272D0005A0BA4 /* BaseViewController.swift in Sources */,
				F71BE3D6233272B2005A0BA4 /* ActorsDetailsViewController.swift in Sources */,
				F71BE3BB23327215005A0BA4 /* AppDelegate.swift in Sources */,
				F71BE3EC233275A9005A0BA4 /* NetworkError.swift in Sources */,
				F71BE3E7233275A9005A0BA4 /* NetworkService+ActorsService.swift in Sources */,
			);
			runOnlyForDeploymentPostprocessing = 0;
		};
/* End PBXSourcesBuildPhase section */

/* Begin PBXVariantGroup section */
		F71BE3C323327217005A0BA4 /* LaunchScreen.storyboard */ = {
			isa = PBXVariantGroup;
			children = (
				F71BE3C423327217005A0BA4 /* Base */,
			);
			name = LaunchScreen.storyboard;
			sourceTree = "<group>";
		};
/* End PBXVariantGroup section */

/* Begin XCBuildConfiguration section */
		F71BE3C723327217005A0BA4 /* Debug */ = {
			isa = XCBuildConfiguration;
			buildSettings = {
				ALWAYS_SEARCH_USER_PATHS = NO;
				CLANG_ANALYZER_NONNULL = YES;
				CLANG_ANALYZER_NUMBER_OBJECT_CONVERSION = YES_AGGRESSIVE;
				CLANG_CXX_LANGUAGE_STANDARD = "gnu++14";
				CLANG_CXX_LIBRARY = "libc++";
				CLANG_ENABLE_MODULES = YES;
				CLANG_ENABLE_OBJC_ARC = YES;
				CLANG_ENABLE_OBJC_WEAK = YES;
				CLANG_WARN_BLOCK_CAPTURE_AUTORELEASING = YES;
				CLANG_WARN_BOOL_CONVERSION = YES;
				CLANG_WARN_COMMA = YES;
				CLANG_WARN_CONSTANT_CONVERSION = YES;
				CLANG_WARN_DEPRECATED_OBJC_IMPLEMENTATIONS = YES;
				CLANG_WARN_DIRECT_OBJC_ISA_USAGE = YES_ERROR;
				CLANG_WARN_DOCUMENTATION_COMMENTS = YES;
				CLANG_WARN_EMPTY_BODY = YES;
				CLANG_WARN_ENUM_CONVERSION = YES;
				CLANG_WARN_INFINITE_RECURSION = YES;
				CLANG_WARN_INT_CONVERSION = YES;
				CLANG_WARN_NON_LITERAL_NULL_CONVERSION = YES;
				CLANG_WARN_OBJC_IMPLICIT_RETAIN_SELF = YES;
				CLANG_WARN_OBJC_LITERAL_CONVERSION = YES;
				CLANG_WARN_OBJC_ROOT_CLASS = YES_ERROR;
				CLANG_WARN_RANGE_LOOP_ANALYSIS = YES;
				CLANG_WARN_STRICT_PROTOTYPES = YES;
				CLANG_WARN_SUSPICIOUS_MOVE = YES;
				CLANG_WARN_UNGUARDED_AVAILABILITY = YES_AGGRESSIVE;
				CLANG_WARN_UNREACHABLE_CODE = YES;
				CLANG_WARN__DUPLICATE_METHOD_MATCH = YES;
				CODE_SIGN_IDENTITY = "iPhone Developer";
				COPY_PHASE_STRIP = NO;
				DEBUG_INFORMATION_FORMAT = dwarf;
				ENABLE_STRICT_OBJC_MSGSEND = YES;
				ENABLE_TESTABILITY = YES;
				GCC_C_LANGUAGE_STANDARD = gnu11;
				GCC_DYNAMIC_NO_PIC = NO;
				GCC_NO_COMMON_BLOCKS = YES;
				GCC_OPTIMIZATION_LEVEL = 0;
				GCC_PREPROCESSOR_DEFINITIONS = (
					"DEBUG=1",
					"$(inherited)",
				);
				GCC_WARN_64_TO_32_BIT_CONVERSION = YES;
				GCC_WARN_ABOUT_RETURN_TYPE = YES_ERROR;
				GCC_WARN_UNDECLARED_SELECTOR = YES;
				GCC_WARN_UNINITIALIZED_AUTOS = YES_AGGRESSIVE;
				GCC_WARN_UNUSED_FUNCTION = YES;
				GCC_WARN_UNUSED_VARIABLE = YES;
				IPHONEOS_DEPLOYMENT_TARGET = 12.4;
				MTL_ENABLE_DEBUG_INFO = INCLUDE_SOURCE;
				MTL_FAST_MATH = YES;
				ONLY_ACTIVE_ARCH = YES;
				SDKROOT = iphoneos;
				SWIFT_ACTIVE_COMPILATION_CONDITIONS = DEBUG;
				SWIFT_OPTIMIZATION_LEVEL = "-Onone";
			};
			name = Debug;
		};
		F71BE3C823327217005A0BA4 /* Release */ = {
			isa = XCBuildConfiguration;
			buildSettings = {
				ALWAYS_SEARCH_USER_PATHS = NO;
				CLANG_ANALYZER_NONNULL = YES;
				CLANG_ANALYZER_NUMBER_OBJECT_CONVERSION = YES_AGGRESSIVE;
				CLANG_CXX_LANGUAGE_STANDARD = "gnu++14";
				CLANG_CXX_LIBRARY = "libc++";
				CLANG_ENABLE_MODULES = YES;
				CLANG_ENABLE_OBJC_ARC = YES;
				CLANG_ENABLE_OBJC_WEAK = YES;
				CLANG_WARN_BLOCK_CAPTURE_AUTORELEASING = YES;
				CLANG_WARN_BOOL_CONVERSION = YES;
				CLANG_WARN_COMMA = YES;
				CLANG_WARN_CONSTANT_CONVERSION = YES;
				CLANG_WARN_DEPRECATED_OBJC_IMPLEMENTATIONS = YES;
				CLANG_WARN_DIRECT_OBJC_ISA_USAGE = YES_ERROR;
				CLANG_WARN_DOCUMENTATION_COMMENTS = YES;
				CLANG_WARN_EMPTY_BODY = YES;
				CLANG_WARN_ENUM_CONVERSION = YES;
				CLANG_WARN_INFINITE_RECURSION = YES;
				CLANG_WARN_INT_CONVERSION = YES;
				CLANG_WARN_NON_LITERAL_NULL_CONVERSION = YES;
				CLANG_WARN_OBJC_IMPLICIT_RETAIN_SELF = YES;
				CLANG_WARN_OBJC_LITERAL_CONVERSION = YES;
				CLANG_WARN_OBJC_ROOT_CLASS = YES_ERROR;
				CLANG_WARN_RANGE_LOOP_ANALYSIS = YES;
				CLANG_WARN_STRICT_PROTOTYPES = YES;
				CLANG_WARN_SUSPICIOUS_MOVE = YES;
				CLANG_WARN_UNGUARDED_AVAILABILITY = YES_AGGRESSIVE;
				CLANG_WARN_UNREACHABLE_CODE = YES;
				CLANG_WARN__DUPLICATE_METHOD_MATCH = YES;
				CODE_SIGN_IDENTITY = "iPhone Developer";
				COPY_PHASE_STRIP = NO;
				DEBUG_INFORMATION_FORMAT = "dwarf-with-dsym";
				ENABLE_NS_ASSERTIONS = NO;
				ENABLE_STRICT_OBJC_MSGSEND = YES;
				GCC_C_LANGUAGE_STANDARD = gnu11;
				GCC_NO_COMMON_BLOCKS = YES;
				GCC_WARN_64_TO_32_BIT_CONVERSION = YES;
				GCC_WARN_ABOUT_RETURN_TYPE = YES_ERROR;
				GCC_WARN_UNDECLARED_SELECTOR = YES;
				GCC_WARN_UNINITIALIZED_AUTOS = YES_AGGRESSIVE;
				GCC_WARN_UNUSED_FUNCTION = YES;
				GCC_WARN_UNUSED_VARIABLE = YES;
				IPHONEOS_DEPLOYMENT_TARGET = 12.4;
				MTL_ENABLE_DEBUG_INFO = NO;
				MTL_FAST_MATH = YES;
				SDKROOT = iphoneos;
				SWIFT_COMPILATION_MODE = wholemodule;
				SWIFT_OPTIMIZATION_LEVEL = "-O";
				VALIDATE_PRODUCT = YES;
			};
			name = Release;
		};
		F71BE3CA23327217005A0BA4 /* Debug */ = {
			isa = XCBuildConfiguration;
			buildSettings = {
				ASSETCATALOG_COMPILER_APPICON_NAME = AppIcon;
				CODE_SIGN_STYLE = Automatic;
				DEVELOPMENT_TEAM = 2C86JD592M;
				INFOPLIST_FILE = "Sample MVP/Info.plist";
				IPHONEOS_DEPLOYMENT_TARGET = 11.0;
				LD_RUNPATH_SEARCH_PATHS = (
					"$(inherited)",
					"@executable_path/Frameworks",
				);
				PRODUCT_BUNDLE_IDENTIFIER = "ibtikar.example.Sample-MVP";
				PRODUCT_NAME = "$(TARGET_NAME)";
				SWIFT_VERSION = 5.0;
				TARGETED_DEVICE_FAMILY = 1;
			};
			name = Debug;
		};
		F71BE3CB23327217005A0BA4 /* Release */ = {
			isa = XCBuildConfiguration;
			buildSettings = {
				ASSETCATALOG_COMPILER_APPICON_NAME = AppIcon;
				CODE_SIGN_STYLE = Automatic;
				DEVELOPMENT_TEAM = 2C86JD592M;
				INFOPLIST_FILE = "Sample MVP/Info.plist";
				IPHONEOS_DEPLOYMENT_TARGET = 11.0;
				LD_RUNPATH_SEARCH_PATHS = (
					"$(inherited)",
					"@executable_path/Frameworks",
				);
				PRODUCT_BUNDLE_IDENTIFIER = "ibtikar.example.Sample-MVP";
				PRODUCT_NAME = "$(TARGET_NAME)";
				SWIFT_VERSION = 5.0;
				TARGETED_DEVICE_FAMILY = 1;
			};
			name = Release;
		};
/* End XCBuildConfiguration section */

/* Begin XCConfigurationList section */
		F71BE3B223327215005A0BA4 /* Build configuration list for PBXProject "Sample MVP" */ = {
			isa = XCConfigurationList;
			buildConfigurations = (
				F71BE3C723327217005A0BA4 /* Debug */,
				F71BE3C823327217005A0BA4 /* Release */,
			);
			defaultConfigurationIsVisible = 0;
			defaultConfigurationName = Release;
		};
		F71BE3C923327217005A0BA4 /* Build configuration list for PBXNativeTarget "Sample MVP" */ = {
			isa = XCConfigurationList;
			buildConfigurations = (
				F71BE3CA23327217005A0BA4 /* Debug */,
				F71BE3CB23327217005A0BA4 /* Release */,
			);
			defaultConfigurationIsVisible = 0;
			defaultConfigurationName = Release;
		};
/* End XCConfigurationList section */
	};
	rootObject = F71BE3AF23327215005A0BA4 /* Project object */;
}
